
Microsoft Visual Studio Solution File, Format Version 12.00
# Visual Studio Version 17
VisualStudioVersion = 17.6.33815.320
MinimumVisualStudioVersion = 10.0.40219.1
Project("{FAE04EC0-301F-11D3-BF4B-00C04F79EFBC}") = "StringExemples", "StringExemples\StringExemples.csproj", "{00E50920-809B-40DC-9E5B-20E2E40F443A}"
EndProject
Global
	GlobalSection(SolutionConfigurationPlatforms) = preSolution
		Debug|Any CPU = Debug|Any CPU
		Release|Any CPU = Release|Any CPU
	EndGlobalSection
	GlobalSection(ProjectConfigurationPlatforms) = postSolution
		{00E50920-809B-40DC-9E5B-20E2E40F443A}.Debug|Any CPU.ActiveCfg = Debug|Any CPU
		{00E50920-809B-40DC-9E5B-20E2E40F443A}.Debug|Any CPU.Build.0 = Debug|Any CPU
		{00E50920-809B-40DC-9E5B-20E2E40F443A}.Release|Any CPU.ActiveCfg = Release|Any CPU
		{00E50920-809B-40DC-9E5B-20E2E40F443A}.Release|Any CPU.Build.0 = Release|Any CPU
	EndGlobalSection
	GlobalSection(SolutionProperties) = preSolution
		HideSolutionNode = FALSE
	EndGlobalSection
	GlobalSection(ExtensibilityGlobals) = postSolution
		SolutionGuid = {942B3770-202A-466C-AA68-44DCAB2ABD71}
	EndGlobalSection
EndGlobal
