
Microsoft Visual Studio Solution File, Format Version 12.00
# Visual Studio Version 17
VisualStudioVersion = 17.6.33815.320
MinimumVisualStudioVersion = 10.0.40219.1
Project("{FAE04EC0-301F-11D3-BF4B-00C04F79EFBC}") = "OOP", "OOP\OOP.csproj", "{81FCD713-9176-4EDA-83E3-C1AE2E0A0801}"
EndProject
Global
	GlobalSection(SolutionConfigurationPlatforms) = preSolution
		Debug|Any CPU = Debug|Any CPU
		Release|Any CPU = Release|Any CPU
	EndGlobalSection
	GlobalSection(ProjectConfigurationPlatforms) = postSolution
		{81FCD713-9176-4EDA-83E3-C1AE2E0A0801}.Debug|Any CPU.ActiveCfg = Debug|Any CPU
		{81FCD713-9176-4EDA-83E3-C1AE2E0A0801}.Debug|Any CPU.Build.0 = Debug|Any CPU
		{81FCD713-9176-4EDA-83E3-C1AE2E0A0801}.Release|Any CPU.ActiveCfg = Release|Any CPU
		{81FCD713-9176-4EDA-83E3-C1AE2E0A0801}.Release|Any CPU.Build.0 = Release|Any CPU
	EndGlobalSection
	GlobalSection(SolutionProperties) = preSolution
		HideSolutionNode = FALSE
	EndGlobalSection
	GlobalSection(ExtensibilityGlobals) = postSolution
		SolutionGuid = {45D1EAB5-3026-4F84-8A42-2B6493932C51}
	EndGlobalSection
EndGlobal
