
Microsoft Visual Studio Solution File, Format Version 12.00
# Visual Studio Version 17
VisualStudioVersion = 17.6.33815.320
MinimumVisualStudioVersion = 10.0.40219.1
Project("{FAE04EC0-301F-11D3-BF4B-00C04F79EFBC}") = "ClassLibrary", "ClassLibrary\ClassLibrary.csproj", "{342234DF-1E50-4ABC-ABFE-E53833ADB446}"
EndProject
Project("{FAE04EC0-301F-11D3-BF4B-00C04F79EFBC}") = "MyConsoleApp", "MyConsoleApp\MyConsoleApp.csproj", "{3DB6039F-1DDB-476D-876A-9D40475BB196}"
	ProjectSection(ProjectDependencies) = postProject
		{342234DF-1E50-4ABC-ABFE-E53833ADB446} = {342234DF-1E50-4ABC-ABFE-E53833ADB446}
	EndProjectSection
EndProject
Global
	GlobalSection(SolutionConfigurationPlatforms) = preSolution
		Debug|Any CPU = Debug|Any CPU
		Release|Any CPU = Release|Any CPU
	EndGlobalSection
	GlobalSection(ProjectConfigurationPlatforms) = postSolution
		{342234DF-1E50-4ABC-ABFE-E53833ADB446}.Debug|Any CPU.ActiveCfg = Debug|Any CPU
		{342234DF-1E50-4ABC-ABFE-E53833ADB446}.Debug|Any CPU.Build.0 = Debug|Any CPU
		{342234DF-1E50-4ABC-ABFE-E53833ADB446}.Release|Any CPU.ActiveCfg = Release|Any CPU
		{342234DF-1E50-4ABC-ABFE-E53833ADB446}.Release|Any CPU.Build.0 = Release|Any CPU
		{3DB6039F-1DDB-476D-876A-9D40475BB196}.Debug|Any CPU.ActiveCfg = Debug|Any CPU
		{3DB6039F-1DDB-476D-876A-9D40475BB196}.Debug|Any CPU.Build.0 = Debug|Any CPU
		{3DB6039F-1DDB-476D-876A-9D40475BB196}.Release|Any CPU.ActiveCfg = Release|Any CPU
		{3DB6039F-1DDB-476D-876A-9D40475BB196}.Release|Any CPU.Build.0 = Release|Any CPU
	EndGlobalSection
	GlobalSection(SolutionProperties) = preSolution
		HideSolutionNode = FALSE
	EndGlobalSection
	GlobalSection(ExtensibilityGlobals) = postSolution
		SolutionGuid = {4B4704F9-8E70-4DF9-8736-6FDF2619D058}
	EndGlobalSection
EndGlobal
